Microsoft Visual Studio Solution File, Format Version 12.00
# Visual Studio Version 17
VisualStudioVersion = 17.5.2.0
MinimumVisualStudioVersion = 10.0.40219.1
Project("{FAE04EC0-301F-11D3-BF4B-00C04F79EFBC}") = "FidelitasAPI", "FidelitasAPI.csproj", "{DFDC804D-42FC-5BE6-2EA5-6C28B465B394}"
EndProject
Global
	GlobalSection(SolutionConfigurationPlatforms) = preSolution
		Debug|Any CPU = Debug|Any CPU
		Release|Any CPU = Release|Any CPU
	EndGlobalSection
	GlobalSection(ProjectConfigurationPlatforms) = postSolution
		{DFDC804D-42FC-5BE6-2EA5-6C28B465B394}.Debug|Any CPU.ActiveCfg = Debug|Any CPU
		{DFDC804D-42FC-5BE6-2EA5-6C28B465B394}.Debug|Any CPU.Build.0 = Debug|Any CPU
		{DFDC804D-42FC-5BE6-2EA5-6C28B465B394}.Release|Any CPU.ActiveCfg = Release|Any CPU
		{DFDC804D-42FC-5BE6-2EA5-6C28B465B394}.Release|Any CPU.Build.0 = Release|Any CPU
	EndGlobalSection
	GlobalSection(SolutionProperties) = preSolution
		HideSolutionNode = FALSE
	EndGlobalSection
	GlobalSection(ExtensibilityGlobals) = postSolution
		SolutionGuid = {89F3A4BA-2BF7-444A-AE44-32554844B649}
	EndGlobalSection
EndGlobal
